
Microsoft Visual Studio Solution File, Format Version 12.00
# Visual Studio Version 16
VisualStudioVersion = 16.0.28315.86
MinimumVisualStudioVersion = 10.0.40219.1
Project("{2150E333-8FDC-42A3-9474-1A3956D46DE8}") = "Engine", "Engine", "{2F02037E-95BD-4AA0-93F7-290740734F75}"
EndProject
Project("{2150E333-8FDC-42A3-9474-1A3956D46DE8}") = "Games", "Games", "{2682973D-099A-41A0-9D0E-783CD64DF17A}"
EndProject
Project("{8BC9CEB8-8B4A-11D0-8D11-00A0C91BC942}") = "DGAME", "Intermediate\ProjectFiles\DGAME.vcxproj", "{E8FA9B6F-C637-4614-826E-5BF515A004EE}"
EndProject
Project("{8BC9CEB8-8B4A-11D0-8D11-00A0C91BC942}") = "UE4", "Intermediate\ProjectFiles\UE4.vcxproj", "{8C7C4DF6-A0D4-4736-9596-231D1BD97D69}"
EndProject
Project("{2150E333-8FDC-42A3-9474-1A3956D46DE8}") = "Visualizers", "Visualizers", "{CA296C6A-8C6B-4AC8-A006-BC8054E1E1A3}"
	ProjectSection(SolutionItems) = preProject
		F:\sahil\UE_4.22\Engine\Extras\VisualStudioDebugging\UE4.natvis = F:\sahil\UE_4.22\Engine\Extras\VisualStudioDebugging\UE4.natvis
	EndProjectSection
EndProject
Global
	GlobalSection(SolutionConfigurationPlatforms) = preSolution
		DebugGame Editor|Android = DebugGame Editor|Android
		DebugGame Editor|HTML5 = DebugGame Editor|HTML5
		DebugGame Editor|Win32 = DebugGame Editor|Win32
		DebugGame Editor|Win64 = DebugGame Editor|Win64
		DebugGame|Android = DebugGame|Android
		DebugGame|HTML5 = DebugGame|HTML5
		DebugGame|Win32 = DebugGame|Win32
		DebugGame|Win64 = DebugGame|Win64
		Development Editor|Android = Development Editor|Android
		Development Editor|HTML5 = Development Editor|HTML5
		Development Editor|Win32 = Development Editor|Win32
		Development Editor|Win64 = Development Editor|Win64
		Development|Android = Development|Android
		Development|HTML5 = Development|HTML5
		Development|Win32 = Development|Win32
		Development|Win64 = Development|Win64
		Shipping|Android = Shipping|Android
		Shipping|HTML5 = Shipping|HTML5
		Shipping|Win32 = Shipping|Win32
		Shipping|Win64 = Shipping|Win64
	EndGlobalSection
	GlobalSection(ProjectConfigurationPlatforms) = postSolution
		{E8FA9B6F-C637-4614-826E-5BF515A004EE}.DebugGame Editor|Android.ActiveCfg = Invalid|Win32
		{E8FA9B6F-C637-4614-826E-5BF515A004EE}.DebugGame Editor|HTML5.ActiveCfg = Invalid|Win32
		{E8FA9B6F-C637-4614-826E-5BF515A004EE}.DebugGame Editor|Win32.ActiveCfg = Invalid|Win32
		{E8FA9B6F-C637-4614-826E-5BF515A004EE}.DebugGame Editor|Win64.ActiveCfg = DebugGame_Editor|x64
		{E8FA9B6F-C637-4614-826E-5BF515A004EE}.DebugGame Editor|Win64.Build.0 = DebugGame_Editor|x64
		{E8FA9B6F-C637-4614-826E-5BF515A004EE}.DebugGame|Android.ActiveCfg = Android_DebugGame|Win32
		{E8FA9B6F-C637-4614-826E-5BF515A004EE}.DebugGame|Android.Build.0 = Android_DebugGame|Win32
		{E8FA9B6F-C637-4614-826E-5BF515A004EE}.DebugGame|HTML5.ActiveCfg = HTML5_DebugGame|Win32
		{E8FA9B6F-C637-4614-826E-5BF515A004EE}.DebugGame|HTML5.Build.0 = HTML5_DebugGame|Win32
		{E8FA9B6F-C637-4614-826E-5BF515A004EE}.DebugGame|Win32.ActiveCfg = DebugGame|Win32
		{E8FA9B6F-C637-4614-826E-5BF515A004EE}.DebugGame|Win32.Build.0 = DebugGame|Win32
		{E8FA9B6F-C637-4614-826E-5BF515A004EE}.DebugGame|Win64.ActiveCfg = DebugGame|x64
		{E8FA9B6F-C637-4614-826E-5BF515A004EE}.DebugGame|Win64.Build.0 = DebugGame|x64
		{E8FA9B6F-C637-4614-826E-5BF515A004EE}.Development Editor|Android.ActiveCfg = Invalid|Win32
		{E8FA9B6F-C637-4614-826E-5BF515A004EE}.Development Editor|HTML5.ActiveCfg = Invalid|Win32
		{E8FA9B6F-C637-4614-826E-5BF515A004EE}.Development Editor|Win32.ActiveCfg = Invalid|Win32
		{E8FA9B6F-C637-4614-826E-5BF515A004EE}.Development Editor|Win64.ActiveCfg = Development_Editor|x64
		{E8FA9B6F-C637-4614-826E-5BF515A004EE}.Development Editor|Win64.Build.0 = Development_Editor|x64
		{E8FA9B6F-C637-4614-826E-5BF515A004EE}.Development|Android.ActiveCfg = Android_Development|Win32
		{E8FA9B6F-C637-4614-826E-5BF515A004EE}.Development|Android.Build.0 = Android_Development|Win32
		{E8FA9B6F-C637-4614-826E-5BF515A004EE}.Development|HTML5.ActiveCfg = HTML5_Development|Win32
		{E8FA9B6F-C637-4614-826E-5BF515A004EE}.Development|HTML5.Build.0 = HTML5_Development|Win32
		{E8FA9B6F-C637-4614-826E-5BF515A004EE}.Development|Win32.ActiveCfg = Development|Win32
		{E8FA9B6F-C637-4614-826E-5BF515A004EE}.Development|Win32.Build.0 = Development|Win32
		{E8FA9B6F-C637-4614-826E-5BF515A004EE}.Development|Win64.ActiveCfg = Development|x64
		{E8FA9B6F-C637-4614-826E-5BF515A004EE}.Development|Win64.Build.0 = Development|x64
		{E8FA9B6F-C637-4614-826E-5BF515A004EE}.Shipping|Android.ActiveCfg = Android_Shipping|Win32
		{E8FA9B6F-C637-4614-826E-5BF515A004EE}.Shipping|Android.Build.0 = Android_Shipping|Win32
		{E8FA9B6F-C637-4614-826E-5BF515A004EE}.Shipping|HTML5.ActiveCfg = HTML5_Shipping|Win32
		{E8FA9B6F-C637-4614-826E-5BF515A004EE}.Shipping|HTML5.Build.0 = HTML5_Shipping|Win32
		{E8FA9B6F-C637-4614-826E-5BF515A004EE}.Shipping|Win32.ActiveCfg = Shipping|Win32
		{E8FA9B6F-C637-4614-826E-5BF515A004EE}.Shipping|Win32.Build.0 = Shipping|Win32
		{E8FA9B6F-C637-4614-826E-5BF515A004EE}.Shipping|Win64.ActiveCfg = Shipping|x64
		{E8FA9B6F-C637-4614-826E-5BF515A004EE}.Shipping|Win64.Build.0 = Shipping|x64
		{8C7C4DF6-A0D4-4736-9596-231D1BD97D69}.DebugGame Editor|Android.ActiveCfg = BuiltWithUnrealBuildTool|Win32
		{8C7C4DF6-A0D4-4736-9596-231D1BD97D69}.DebugGame Editor|HTML5.ActiveCfg = BuiltWithUnrealBuildTool|Win32
		{8C7C4DF6-A0D4-4736-9596-231D1BD97D69}.DebugGame Editor|Win32.ActiveCfg = BuiltWithUnrealBuildTool|Win32
		{8C7C4DF6-A0D4-4736-9596-231D1BD97D69}.DebugGame Editor|Win64.ActiveCfg = BuiltWithUnrealBuildTool|Win32
		{8C7C4DF6-A0D4-4736-9596-231D1BD97D69}.DebugGame|Android.ActiveCfg = BuiltWithUnrealBuildTool|Win32
		{8C7C4DF6-A0D4-4736-9596-231D1BD97D69}.DebugGame|HTML5.ActiveCfg = BuiltWithUnrealBuildTool|Win32
		{8C7C4DF6-A0D4-4736-9596-231D1BD97D69}.DebugGame|Win32.ActiveCfg = BuiltWithUnrealBuildTool|Win32
		{8C7C4DF6-A0D4-4736-9596-231D1BD97D69}.DebugGame|Win64.ActiveCfg = BuiltWithUnrealBuildTool|Win32
		{8C7C4DF6-A0D4-4736-9596-231D1BD97D69}.Development Editor|Android.ActiveCfg = BuiltWithUnrealBuildTool|Win32
		{8C7C4DF6-A0D4-4736-9596-231D1BD97D69}.Development Editor|HTML5.ActiveCfg = BuiltWithUnrealBuildTool|Win32
		{8C7C4DF6-A0D4-4736-9596-231D1BD97D69}.Development Editor|Win32.ActiveCfg = BuiltWithUnrealBuildTool|Win32
		{8C7C4DF6-A0D4-4736-9596-231D1BD97D69}.Development Editor|Win64.ActiveCfg = BuiltWithUnrealBuildTool|Win32
		{8C7C4DF6-A0D4-4736-9596-231D1BD97D69}.Development|Android.ActiveCfg = BuiltWithUnrealBuildTool|Win32
		{8C7C4DF6-A0D4-4736-9596-231D1BD97D69}.Development|HTML5.ActiveCfg = BuiltWithUnrealBuildTool|Win32
		{8C7C4DF6-A0D4-4736-9596-231D1BD97D69}.Development|Win32.ActiveCfg = BuiltWithUnrealBuildTool|Win32
		{8C7C4DF6-A0D4-4736-9596-231D1BD97D69}.Development|Win64.ActiveCfg = BuiltWithUnrealBuildTool|Win32
		{8C7C4DF6-A0D4-4736-9596-231D1BD97D69}.Shipping|Android.ActiveCfg = BuiltWithUnrealBuildTool|Win32
		{8C7C4DF6-A0D4-4736-9596-231D1BD97D69}.Shipping|HTML5.ActiveCfg = BuiltWithUnrealBuildTool|Win32
		{8C7C4DF6-A0D4-4736-9596-231D1BD97D69}.Shipping|Win32.ActiveCfg = BuiltWithUnrealBuildTool|Win32
		{8C7C4DF6-A0D4-4736-9596-231D1BD97D69}.Shipping|Win64.ActiveCfg = BuiltWithUnrealBuildTool|Win32
	EndGlobalSection
	GlobalSection(SolutionProperties) = preSolution
		HideSolutionNode = FALSE
	EndGlobalSection
	GlobalSection(NestedProjects) = preSolution
		{8C7C4DF6-A0D4-4736-9596-231D1BD97D69} = {2F02037E-95BD-4AA0-93F7-290740734F75}
		{E8FA9B6F-C637-4614-826E-5BF515A004EE} = {2682973D-099A-41A0-9D0E-783CD64DF17A}
	EndGlobalSection
EndGlobal
